<?xml version="1.0" encoding="utf-8"?>
<Project ToolsVersion="4.0" xmlns="http://schemas.microsoft.com/developer/msbuild/2003">
  <ItemGroup>
    <Filter Include="ソース ファイル">
      <UniqueIdentifier>{4FC737F1-C7A5-4376-A066-2A32D752A2FF}</UniqueIdentifier>
      <Extensions>cpp;c;cc;cxx;def;odl;idl;hpj;bat;asm;asmx</Extensions>
    </Filter>
    <Filter Include="ヘッダー ファイル">
      <UniqueIdentifier>{93995380-89BD-4b04-88EB-625FBE52EBFB}</UniqueIdentifier>
      <Extensions>h;hh;hpp;hxx;hm;inl;inc;ipp;xsd</Extensions>
    </Filter>
    <Filter Include="リソース ファイル">
      <UniqueIdentifier>{67DA6AB6-F800-4c08-8B7A-83BB121AAD01}</UniqueIdentifier>
      <Extensions>rc;ico;cur;bmp;dlg;rc2;rct;bin;rgs;gif;jpg;jpeg;jpe;resx;tiff;tif;png;wav;mfcribbon-ms</Extensions>
    </Filter>
    <Filter Include="Window">
      <UniqueIdentifier>{ec66ba32-1a39-4880-b2dc-822f79e19eaf}</UniqueIdentifier>
    </Filter>
    <Filter Include="Window\Icon">
      <UniqueIdentifier>{9f7af7cd-d378-4b99-a698-69beeeea8b4c}</UniqueIdentifier>
    </Filter>
    <Filter Include="Device">
      <UniqueIdentifier>{e9465b1b-c6b7-46c9-807c-d1d296091029}</UniqueIdentifier>
    </Filter>
    <Filter Include="etc">
      <UniqueIdentifier>{c74ab5a2-a26d-432f-a827-4e292118f366}</UniqueIdentifier>
    </Filter>
    <Filter Include="Debuger">
      <UniqueIdentifier>{2d8ced49-b110-4396-bae3-bc11f1f1d7d5}</UniqueIdentifier>
    </Filter>
    <Filter Include="Swap">
      <UniqueIdentifier>{c35e11a9-4b3a-409d-8f93-1c8c3b05b5fc}</UniqueIdentifier>
    </Filter>
    <Filter Include="Union">
      <UniqueIdentifier>{44a82917-d5cd-47ea-80ad-0e78038a5462}</UniqueIdentifier>
    </Filter>
    <Filter Include="Command">
      <UniqueIdentifier>{fd785308-d8ba-45f1-b1ad-43c5f0c2af13}</UniqueIdentifier>
    </Filter>
    <Filter Include="Command\List">
      <UniqueIdentifier>{1b189cfe-31e5-4288-a1d4-2ecffba371c3}</UniqueIdentifier>
    </Filter>
    <Filter Include="Command\Queue">
      <UniqueIdentifier>{d9735a5c-dfc7-4b78-908f-4048da515c9f}</UniqueIdentifier>
    </Filter>
    <Filter Include="Descriptor">
      <UniqueIdentifier>{002e922c-fca4-4099-98e7-bd0e85c326e2}</UniqueIdentifier>
    </Filter>
    <Filter Include="Descriptor\Render">
      <UniqueIdentifier>{cf305e00-5b46-4f53-b8b2-aaaf3c55ea27}</UniqueIdentifier>
    </Filter>
    <Filter Include="Descriptor\Depth">
      <UniqueIdentifier>{1eccc11e-803d-40ad-9b8b-6d78f6ad8ce0}</UniqueIdentifier>
    </Filter>
    <Filter Include="Descriptor\Constant">
      <UniqueIdentifier>{793968c5-66ed-41e9-9578-2525b2ddca83}</UniqueIdentifier>
    </Filter>
    <Filter Include="Fence">
      <UniqueIdentifier>{56422517-6433-494a-8d91-55450b43316a}</UniqueIdentifier>
    </Filter>
    <Filter Include="Root">
      <UniqueIdentifier>{bddac267-caac-4f6c-b066-76d9c95e9517}</UniqueIdentifier>
    </Filter>
    <Filter Include="Pipe">
      <UniqueIdentifier>{516b9c63-a745-4333-ad44-e5bb48f8a424}</UniqueIdentifier>
    </Filter>
    <Filter Include="Draw">
      <UniqueIdentifier>{b17230e5-fdd3-4bb3-8d2e-b6a3a2f542bc}</UniqueIdentifier>
    </Filter>
    <Filter Include="Draw\Point">
      <UniqueIdentifier>{fed62bb1-60c7-40fd-9643-db0a848d3ff3}</UniqueIdentifier>
    </Filter>
  </ItemGroup>
  <ItemGroup>
    <ClCompile Include="Src\Main.cpp">
      <Filter>ソース ファイル</Filter>
    </ClCompile>
    <ClCompile Include="Src\Window\Window.cpp">
      <Filter>Window</Filter>
    </ClCompile>
    <ClCompile Include="Src\Debuger\Debug.cpp">
      <Filter>Debuger</Filter>
    </ClCompile>
    <ClCompile Include="Src\Device\Device.cpp">
      <Filter>Device</Filter>
    </ClCompile>
    <ClCompile Include="Src\Swap\Swap.cpp">
      <Filter>Swap</Filter>
    </ClCompile>
    <ClCompile Include="Src\Queue\Queue.cpp">
      <Filter>Command\Queue</Filter>
    </ClCompile>
    <ClCompile Include="Src\List\List.cpp">
      <Filter>Command\List</Filter>
    </ClCompile>
    <ClCompile Include="Src\Union\Union.cpp">
      <Filter>Union</Filter>
    </ClCompile>
    <ClCompile Include="Src\Render\Render.cpp">
      <Filter>Descriptor\Render</Filter>
    </ClCompile>
    <ClCompile Include="Src\Depth\Depth.cpp">
      <Filter>Descriptor\Depth</Filter>
    </ClCompile>
    <ClCompile Include="Src\Constant\Constant.cpp">
      <Filter>Descriptor\Constant</Filter>
    </ClCompile>
    <ClCompile Include="Src\Fence\Fence.cpp">
      <Filter>Fence</Filter>
    </ClCompile>
    <ClCompile Include="Src\Root\Root.cpp">
      <Filter>Root</Filter>
    </ClCompile>
    <ClCompile Include="Src\Pipe\Pipe.cpp">
      <Filter>Pipe</Filter>
    </ClCompile>
    <ClCompile Include="Src\Point\Point.cpp">
      <Filter>Draw\Point</Filter>
    </ClCompile>
  </ItemGroup>
  <ItemGroup>
    <ClInclude Include="Src\Window\Window.h">
      <Filter>Window</Filter>
    </ClInclude>
    <ClInclude Include="Src\Window\Icon\Icon.h">
      <Filter>Window\Icon</Filter>
    </ClInclude>
    <ClInclude Include="Src\Device\Device.h">
      <Filter>Device</Filter>
    </ClInclude>
    <ClInclude Include="Src\etc\Release.h">
      <Filter>etc</Filter>
    </ClInclude>
    <ClInclude Include="Src\Debuger\Debug.h">
      <Filter>Debuger</Filter>
    </ClInclude>
    <ClInclude Include="Src\Swap\Swap.h">
      <Filter>Swap</Filter>
    </ClInclude>
    <ClInclude Include="Src\Queue\Queue.h">
      <Filter>Command\Queue</Filter>
    </ClInclude>
    <ClInclude Include="Src\List\List.h">
      <Filter>Command\List</Filter>
    </ClInclude>
    <ClInclude Include="Src\Union\Union.h">
      <Filter>Union</Filter>
    </ClInclude>
    <ClInclude Include="Src\Render\Render.h">
      <Filter>Descriptor\Render</Filter>
    </ClInclude>
    <ClInclude Include="Src\Depth\Depth.h">
      <Filter>Descriptor\Depth</Filter>
    </ClInclude>
    <ClInclude Include="Src\Constant\Constant.h">
      <Filter>Descriptor\Constant</Filter>
    </ClInclude>
    <ClInclude Include="Src\Fence\Fence.h">
      <Filter>Fence</Filter>
    </ClInclude>
    <ClInclude Include="Src\Root\Root.h">
      <Filter>Root</Filter>
    </ClInclude>
    <ClInclude Include="Src\Pipe\Pipe.h">
      <Filter>Pipe</Filter>
    </ClInclude>
    <ClInclude Include="Src\Point\Point.h">
      <Filter>Draw\Point</Filter>
    </ClInclude>
    <ClInclude Include="Src\etc\VertexData.h">
      <Filter>etc</Filter>
    </ClInclude>
  </ItemGroup>
  <ItemGroup>
    <ResourceCompile Include="Src\Window\Icon\Icon.rc">
      <Filter>Window\Icon</Filter>
    </ResourceCompile>
  </ItemGroup>
  <ItemGroup>
    <FxCompile Include="Src\Shader\Texture.hlsl">
      <Filter>リソース ファイル</Filter>
    </FxCompile>
    <FxCompile Include="Src\Shader\Draw.hlsl">
      <Filter>リソース ファイル</Filter>
    </FxCompile>
  </ItemGroup>
</Project>